
Microsoft Visual Studio Solution File, Format Version 12.00
# Visual Studio Version 17
VisualStudioVersion = 17.3.32825.248
MinimumVisualStudioVersion = 10.0.40219.1
Project("{9A19103F-16F7-4668-BE54-9A1E7A4F7556}") = "Project_PRN211", "Project PRN211\Project_PRN211.csproj", "{D22CD80D-ECCE-4EF1-A63A-17A125AAC230}"
EndProject
Project("{FAE04EC0-301F-11D3-BF4B-00C04F79EFBC}") = "MusicStore", "MusicStore\MusicStore.csproj", "{8CF35998-95AE-4F58-B8F3-353873BA637F}"
EndProject
Global
	GlobalSection(SolutionConfigurationPlatforms) = preSolution
		Debug|Any CPU = Debug|Any CPU
		Release|Any CPU = Release|Any CPU
	EndGlobalSection
	GlobalSection(ProjectConfigurationPlatforms) = postSolution
		{D22CD80D-ECCE-4EF1-A63A-17A125AAC230}.Debug|Any CPU.ActiveCfg = Debug|Any CPU
		{D22CD80D-ECCE-4EF1-A63A-17A125AAC230}.Debug|Any CPU.Build.0 = Debug|Any CPU
		{D22CD80D-ECCE-4EF1-A63A-17A125AAC230}.Release|Any CPU.ActiveCfg = Release|Any CPU
		{D22CD80D-ECCE-4EF1-A63A-17A125AAC230}.Release|Any CPU.Build.0 = Release|Any CPU
		{8CF35998-95AE-4F58-B8F3-353873BA637F}.Debug|Any CPU.ActiveCfg = Debug|Any CPU
		{8CF35998-95AE-4F58-B8F3-353873BA637F}.Debug|Any CPU.Build.0 = Debug|Any CPU
		{8CF35998-95AE-4F58-B8F3-353873BA637F}.Release|Any CPU.ActiveCfg = Release|Any CPU
		{8CF35998-95AE-4F58-B8F3-353873BA637F}.Release|Any CPU.Build.0 = Release|Any CPU
	EndGlobalSection
	GlobalSection(SolutionProperties) = preSolution
		HideSolutionNode = FALSE
	EndGlobalSection
	GlobalSection(ExtensibilityGlobals) = postSolution
		SolutionGuid = {23F43AE3-F210-400F-924C-15AD83193F9D}
	EndGlobalSection
EndGlobal
